
Microsoft Visual Studio Solution File, Format Version 12.00
# Visual Studio Version 17
VisualStudioVersion = 17.8.34330.188
MinimumVisualStudioVersion = 10.0.40219.1
Project("{9A19103F-16F7-4668-BE54-9A1E7A4F7556}") = "i-ExpenseAverager", "i-ExpenseAverager\i-ExpenseAverager.csproj", "{FF3A8420-0DC3-423D-BAF0-487DBA4B2043}"
EndProject
Global
	GlobalSection(SolutionConfigurationPlatforms) = preSolution
		Debug|Any CPU = Debug|Any CPU
		Release|Any CPU = Release|Any CPU
	EndGlobalSection
	GlobalSection(ProjectConfigurationPlatforms) = postSolution
		{FF3A8420-0DC3-423D-BAF0-487DBA4B2043}.Debug|Any CPU.ActiveCfg = Debug|Any CPU
		{FF3A8420-0DC3-423D-BAF0-487DBA4B2043}.Debug|Any CPU.Build.0 = Debug|Any CPU
		{FF3A8420-0DC3-423D-BAF0-487DBA4B2043}.Release|Any CPU.ActiveCfg = Release|Any CPU
		{FF3A8420-0DC3-423D-BAF0-487DBA4B2043}.Release|Any CPU.Build.0 = Release|Any CPU
	EndGlobalSection
	GlobalSection(SolutionProperties) = preSolution
		HideSolutionNode = FALSE
	EndGlobalSection
	GlobalSection(ExtensibilityGlobals) = postSolution
		SolutionGuid = {D784AAA9-D062-4554-84A7-8618D35277B6}
	EndGlobalSection
EndGlobal
